// !$*UTF8*$!
{
	archiveVersion = 1;
	classes = {
	};
	objectVersion = 46;
	objects = {

/* Begin PBXBuildFile section */
		0D14669416C8A90F00162487 /* UIKit.framework in Frameworks */ = {isa = PBXBuildFile; fileRef = 0D14669316C8A90F00162487 /* UIKit.framework */; };
		0D14669616C8A90F00162487 /* Foundation.framework in Frameworks */ = {isa = PBXBuildFile; fileRef = 0D14669516C8A90F00162487 /* Foundation.framework */; };
		0D14669816C8A90F00162487 /* CoreGraphics.framework in Frameworks */ = {isa = PBXBuildFile; fileRef = 0D14669716C8A90F00162487 /* CoreGraphics.framework */; };
		0D14669E16C8A90F00162487 /* InfoPlist.strings in Resources */ = {isa = PBXBuildFile; fileRef = 0D14669C16C8A90F00162487 /* InfoPlist.strings */; };
		0D1466A016C8A90F00162487 /* main.m in Sources */ = {isa = PBXBuildFile; fileRef = 0D14669F16C8A90F00162487 /* main.m */; };
		0D1466A416C8A90F00162487 /* BSAppDelegate.m in Sources */ = {isa = PBXBuildFile; fileRef = 0D1466A316C8A90F00162487 /* BSAppDelegate.m */; };
		0D1466AD16C8A91000162487 /* MainStoryboard.storyboard in Resources */ = {isa = PBXBuildFile; fileRef = 0D1466AB16C8A91000162487 /* MainStoryboard.storyboard */; };
		0D1466B016C8A91000162487 /* BSViewController.m in Sources */ = {isa = PBXBuildFile; fileRef = 0D1466AF16C8A91000162487 /* BSViewController.m */; };
		0D1466B816C8A91000162487 /* SenTestingKit.framework in Frameworks */ = {isa = PBXBuildFile; fileRef = 0D1466B716C8A91000162487 /* SenTestingKit.framework */; };
		0D1466B916C8A91000162487 /* UIKit.framework in Frameworks */ = {isa = PBXBuildFile; fileRef = 0D14669316C8A90F00162487 /* UIKit.framework */; };
		0D1466BA16C8A91000162487 /* Foundation.framework in Frameworks */ = {isa = PBXBuildFile; fileRef = 0D14669516C8A90F00162487 /* Foundation.framework */; };
		0D1466C216C8A91000162487 /* InfoPlist.strings in Resources */ = {isa = PBXBuildFile; fileRef = 0D1466C016C8A91000162487 /* InfoPlist.strings */; };
		0D1466C516C8A91000162487 /* EternalBumTests.m in Sources */ = {isa = PBXBuildFile; fileRef = 0D1466C416C8A91000162487 /* EternalBumTests.m */; };
		0D1466D216C8AFA200162487 /* QuartzCore.framework in Frameworks */ = {isa = PBXBuildFile; fileRef = 0D1466D116C8AFA200162487 /* QuartzCore.framework */; };
		0D1466D516C8B18200162487 /* AssetsLibrary.framework in Frameworks */ = {isa = PBXBuildFile; fileRef = 0D1466D416C8B18200162487 /* AssetsLibrary.framework */; };
		0DA6B7CE16C8FEAE0006C390 /* BSAssetLoader.m in Sources */ = {isa = PBXBuildFile; fileRef = 0DA6B7CD16C8FEAE0006C390 /* BSAssetLoader.m */; };
		0DA6B7D116C904350006C390 /* BSPhotoMasker.m in Sources */ = {isa = PBXBuildFile; fileRef = 0DA6B7D016C904350006C390 /* BSPhotoMasker.m */; };
		0DA6B7D416C906B30006C390 /* BSMovingImageView.m in Sources */ = {isa = PBXBuildFile; fileRef = 0DA6B7D316C906B30006C390 /* BSMovingImageView.m */; };
		0DA6B7EB16C9326A0006C390 /* image01.JPG in Resources */ = {isa = PBXBuildFile; fileRef = 0DA6B7D516C932690006C390 /* image01.JPG */; };
		0DA6B7EC16C9326A0006C390 /* image02.JPG in Resources */ = {isa = PBXBuildFile; fileRef = 0DA6B7D616C932690006C390 /* image02.JPG */; };
		0DA6B7ED16C9326A0006C390 /* image03.JPG in Resources */ = {isa = PBXBuildFile; fileRef = 0DA6B7D716C932690006C390 /* image03.JPG */; };
		0DA6B7EE16C9326A0006C390 /* image04.JPG in Resources */ = {isa = PBXBuildFile; fileRef = 0DA6B7D816C932690006C390 /* image04.JPG */; };
		0DA6B7EF16C9326A0006C390 /* image05.JPG in Resources */ = {isa = PBXBuildFile; fileRef = 0DA6B7D916C932690006C390 /* image05.JPG */; };
		0DA6B7F016C9326A0006C390 /* image06.JPG in Resources */ = {isa = PBXBuildFile; fileRef = 0DA6B7DA16C932690006C390 /* image06.JPG */; };
		0DA6B7F116C9326A0006C390 /* image07.JPG in Resources */ = {isa = PBXBuildFile; fileRef = 0DA6B7DB16C932690006C390 /* image07.JPG */; };
		0DA6B7F216C9326A0006C390 /* image08.JPG in Resources */ = {isa = PBXBuildFile; fileRef = 0DA6B7DC16C932690006C390 /* image08.JPG */; };
		0DA6B7F316C9326A0006C390 /* image09.JPG in Resources */ = {isa = PBXBuildFile; fileRef = 0DA6B7DD16C932690006C390 /* image09.JPG */; };
		0DA6B7F416C9326A0006C390 /* image10.JPG in Resources */ = {isa = PBXBuildFile; fileRef = 0DA6B7DE16C932690006C390 /* image10.JPG */; };
		0DA6B7F516C9326A0006C390 /* image11.JPG in Resources */ = {isa = PBXBuildFile; fileRef = 0DA6B7DF16C932690006C390 /* image11.JPG */; };
		0DA6B7F616C9326A0006C390 /* image12.JPG in Resources */ = {isa = PBXBuildFile; fileRef = 0DA6B7E016C9326A0006C390 /* image12.JPG */; };
		0DA6B7F716C9326A0006C390 /* image13.JPG in Resources */ = {isa = PBXBuildFile; fileRef = 0DA6B7E116C9326A0006C390 /* image13.JPG */; };
		0DA6B7F816C9326A0006C390 /* image14.JPG in Resources */ = {isa = PBXBuildFile; fileRef = 0DA6B7E216C9326A0006C390 /* image14.JPG */; };
		0DA6B7F916C9326A0006C390 /* image15.JPG in Resources */ = {isa = PBXBuildFile; fileRef = 0DA6B7E316C9326A0006C390 /* image15.JPG */; };
		0DA6B7FA16C9326A0006C390 /* image16.JPG in Resources */ = {isa = PBXBuildFile; fileRef = 0DA6B7E416C9326A0006C390 /* image16.JPG */; };
		0DA6B7FB16C9326A0006C390 /* image17.JPG in Resources */ = {isa = PBXBuildFile; fileRef = 0DA6B7E516C9326A0006C390 /* image17.JPG */; };
		0DA6B7FC16C9326A0006C390 /* image18.JPG in Resources */ = {isa = PBXBuildFile; fileRef = 0DA6B7E616C9326A0006C390 /* image18.JPG */; };
		0DA6B7FD16C9326A0006C390 /* image19.JPG in Resources */ = {isa = PBXBuildFile; fileRef = 0DA6B7E716C9326A0006C390 /* image19.JPG */; };
		0DA6B7FE16C9326A0006C390 /* image20.JPG in Resources */ = {isa = PBXBuildFile; fileRef = 0DA6B7E816C9326A0006C390 /* image20.JPG */; };
		0DA6B7FF16C9326A0006C390 /* image21.JPG in Resources */ = {isa = PBXBuildFile; fileRef = 0DA6B7E916C9326A0006C390 /* image21.JPG */; };
		0DA6B80016C9326A0006C390 /* image22.JPG in Resources */ = {isa = PBXBuildFile; fileRef = 0DA6B7EA16C9326A0006C390 /* image22.JPG */; };
		0DECE93916CB4BD400A8185E /* icon114.png in Resources */ = {isa = PBXBuildFile; fileRef = 0DECE93816CB4BD400A8185E /* icon114.png */; };
		0DECE93B16CB4C1000A8185E /* icon57.png in Resources */ = {isa = PBXBuildFile; fileRef = 0DECE93A16CB4C1000A8185E /* icon57.png */; };
		0DECE93D16CB4D9500A8185E /* Default-568h@2x.png in Resources */ = {isa = PBXBuildFile; fileRef = 0DECE93C16CB4D9500A8185E /* Default-568h@2x.png */; };
		0DECE93F16CB4DF700A8185E /* Default@2x.png in Resources */ = {isa = PBXBuildFile; fileRef = 0DECE93E16CB4DF700A8185E /* Default@2x.png */; };
		0DECE94116CB4E3500A8185E /* Default.png in Resources */ = {isa = PBXBuildFile; fileRef = 0DECE94016CB4E3500A8185E /* Default.png */; };
/* End PBXBuildFile section */

/* Begin PBXContainerItemProxy section */
		0D1466BB16C8A91000162487 /* PBXContainerItemProxy */ = {
			isa = PBXContainerItemProxy;
			containerPortal = 0D14668816C8A90F00162487 /* Project object */;
			proxyType = 1;
			remoteGlobalIDString = 0D14668F16C8A90F00162487;
			remoteInfo = EternalBum;
		};
/* End PBXContainerItemProxy section */

/* Begin PBXFileReference section */
		0D14669016C8A90F00162487 /* EternalBum.app */ = {isa = PBXFileReference; explicitFileType = wrapper.application; includeInIndex = 0; path = EternalBum.app; sourceTree = BUILT_PRODUCTS_DIR; };
		0D14669316C8A90F00162487 /* UIKit.framework */ = {isa = PBXFileReference; lastKnownFileType = wrapper.framework; name = UIKit.framework; path = System/Library/Frameworks/UIKit.framework; sourceTree = SDKROOT; };
		0D14669516C8A90F00162487 /* Foundation.framework */ = {isa = PBXFileReference; lastKnownFileType = wrapper.framework; name = Foundation.framework; path = System/Library/Frameworks/Foundation.framework; sourceTree = SDKROOT; };
		0D14669716C8A90F00162487 /* CoreGraphics.framework */ = {isa = PBXFileReference; lastKnownFileType = wrapper.framework; name = CoreGraphics.framework; path = System/Library/Frameworks/CoreGraphics.framework; sourceTree = SDKROOT; };
		0D14669B16C8A90F00162487 /* EternalBum-Info.plist */ = {isa = PBXFileReference; lastKnownFileType = text.plist.xml; path = "EternalBum-Info.plist"; sourceTree = "<group>"; };
		0D14669D16C8A90F00162487 /* en */ = {isa = PBXFileReference; lastKnownFileType = text.plist.strings; name = en; path = en.lproj/InfoPlist.strings; sourceTree = "<group>"; };
		0D14669F16C8A90F00162487 /* main.m */ = {isa = PBXFileReference; lastKnownFileType = sourcecode.c.objc; path = main.m; sourceTree = "<group>"; };
		0D1466A116C8A90F00162487 /* EternalBum-Prefix.pch */ = {isa = PBXFileReference; lastKnownFileType = sourcecode.c.h; path = "EternalBum-Prefix.pch"; sourceTree = "<group>"; };
		0D1466A216C8A90F00162487 /* BSAppDelegate.h */ = {isa = PBXFileReference; lastKnownFileType = sourcecode.c.h; path = BSAppDelegate.h; sourceTree = "<group>"; };
		0D1466A316C8A90F00162487 /* BSAppDelegate.m */ = {isa = PBXFileReference; lastKnownFileType = sourcecode.c.objc; path = BSAppDelegate.m; sourceTree = "<group>"; };
		0D1466AC16C8A91000162487 /* en */ = {isa = PBXFileReference; lastKnownFileType = file.storyboard; name = en; path = en.lproj/MainStoryboard.storyboard; sourceTree = "<group>"; };
		0D1466AE16C8A91000162487 /* BSViewController.h */ = {isa = PBXFileReference; lastKnownFileType = sourcecode.c.h; path = BSViewController.h; sourceTree = "<group>"; };
		0D1466AF16C8A91000162487 /* BSViewController.m */ = {isa = PBXFileReference; lastKnownFileType = sourcecode.c.objc; path = BSViewController.m; sourceTree = "<group>"; };
		0D1466B616C8A91000162487 /* EternalBumTests.octest */ = {isa = PBXFileReference; explicitFileType = wrapper.cfbundle; includeInIndex = 0; path = EternalBumTests.octest; sourceTree = BUILT_PRODUCTS_DIR; };
		0D1466B716C8A91000162487 /* SenTestingKit.framework */ = {isa = PBXFileReference; lastKnownFileType = wrapper.framework; name = SenTestingKit.framework; path = Library/Frameworks/SenTestingKit.framework; sourceTree = DEVELOPER_DIR; };
		0D1466BF16C8A91000162487 /* EternalBumTests-Info.plist */ = {isa = PBXFileReference; lastKnownFileType = text.plist.xml; path = "EternalBumTests-Info.plist"; sourceTree = "<group>"; };
		0D1466C116C8A91000162487 /* en */ = {isa = PBXFileReference; lastKnownFileType = text.plist.strings; name = en; path = en.lproj/InfoPlist.strings; sourceTree = "<group>"; };
		0D1466C316C8A91000162487 /* EternalBumTests.h */ = {isa = PBXFileReference; lastKnownFileType = sourcecode.c.h; path = EternalBumTests.h; sourceTree = "<group>"; };
		0D1466C416C8A91000162487 /* EternalBumTests.m */ = {isa = PBXFileReference; lastKnownFileType = sourcecode.c.objc; path = EternalBumTests.m; sourceTree = "<group>"; };
		0D1466D116C8AFA200162487 /* QuartzCore.framework */ = {isa = PBXFileReference; lastKnownFileType = wrapper.framework; name = QuartzCore.framework; path = System/Library/Frameworks/QuartzCore.framework; sourceTree = SDKROOT; };
		0D1466D416C8B18200162487 /* AssetsLibrary.framework */ = {isa = PBXFileReference; lastKnownFileType = wrapper.framework; name = AssetsLibrary.framework; path = System/Library/Frameworks/AssetsLibrary.framework; sourceTree = SDKROOT; };
		0DA6B7CC16C8FEAE0006C390 /* BSAssetLoader.h */ = {isa = PBXFileReference; fileEncoding = 4; lastKnownFileType = sourcecode.c.h; path = BSAssetLoader.h; sourceTree = "<group>"; };
		0DA6B7CD16C8FEAE0006C390 /* BSAssetLoader.m */ = {isa = PBXFileReference; fileEncoding = 4; lastKnownFileType = sourcecode.c.objc; path = BSAssetLoader.m; sourceTree = "<group>"; };
		0DA6B7CF16C904350006C390 /* BSPhotoMasker.h */ = {isa = PBXFileReference; fileEncoding = 4; lastKnownFileType = sourcecode.c.h; path = BSPhotoMasker.h; sourceTree = "<group>"; };
		0DA6B7D016C904350006C390 /* BSPhotoMasker.m */ = {isa = PBXFileReference; fileEncoding = 4; lastKnownFileType = sourcecode.c.objc; path = BSPhotoMasker.m; sourceTree = "<group>"; };
		0DA6B7D216C906B30006C390 /* BSMovingImageView.h */ = {isa = PBXFileReference; fileEncoding = 4; lastKnownFileType = sourcecode.c.h; path = BSMovingImageView.h; sourceTree = "<group>"; };
		0DA6B7D316C906B30006C390 /* BSMovingImageView.m */ = {isa = PBXFileReference; fileEncoding = 4; lastKnownFileType = sourcecode.c.objc; path = BSMovingImageView.m; sourceTree = "<group>"; };
		0DA6B7D516C932690006C390 /* image01.JPG */ = {isa = PBXFileReference; lastKnownFileType = image.jpeg; path = image01.JPG; sourceTree = "<group>"; };
		0DA6B7D616C932690006C390 /* image02.JPG */ = {isa = PBXFileReference; lastKnownFileType = image.jpeg; path = image02.JPG; sourceTree = "<group>"; };
		0DA6B7D716C932690006C390 /* image03.JPG */ = {isa = PBXFileReference; lastKnownFileType = image.jpeg; path = image03.JPG; sourceTree = "<group>"; };
		0DA6B7D816C932690006C390 /* image04.JPG */ = {isa = PBXFileReference; lastKnownFileType = image.jpeg; path = image04.JPG; sourceTree = "<group>"; };
		0DA6B7D916C932690006C390 /* image05.JPG */ = {isa = PBXFileReference; lastKnownFileType = image.jpeg; path = image05.JPG; sourceTree = "<group>"; };
		0DA6B7DA16C932690006C390 /* image06.JPG */ = {isa = PBXFileReference; lastKnownFileType = image.jpeg; path = image06.JPG; sourceTree = "<group>"; };
		0DA6B7DB16C932690006C390 /* image07.JPG */ = {isa = PBXFileReference; lastKnownFileType = image.jpeg; path = image07.JPG; sourceTree = "<group>"; };
		0DA6B7DC16C932690006C390 /* image08.JPG */ = {isa = PBXFileReference; lastKnownFileType = image.jpeg; path = image08.JPG; sourceTree = "<group>"; };
		0DA6B7DD16C932690006C390 /* image09.JPG */ = {isa = PBXFileReference; lastKnownFileType = image.jpeg; path = image09.JPG; sourceTree = "<group>"; };
		0DA6B7DE16C932690006C390 /* image10.JPG */ = {isa = PBXFileReference; lastKnownFileType = image.jpeg; path = image10.JPG; sourceTree = "<group>"; };
		0DA6B7DF16C932690006C390 /* image11.JPG */ = {isa = PBXFileReference; lastKnownFileType = image.jpeg; path = image11.JPG; sourceTree = "<group>"; };
		0DA6B7E016C9326A0006C390 /* image12.JPG */ = {isa = PBXFileReference; lastKnownFileType = image.jpeg; path = image12.JPG; sourceTree = "<group>"; };
		0DA6B7E116C9326A0006C390 /* image13.JPG */ = {isa = PBXFileReference; lastKnownFileType = image.jpeg; path = image13.JPG; sourceTree = "<group>"; };
		0DA6B7E216C9326A0006C390 /* image14.JPG */ = {isa = PBXFileReference; lastKnownFileType = image.jpeg; path = image14.JPG; sourceTree = "<group>"; };
		0DA6B7E316C9326A0006C390 /* image15.JPG */ = {isa = PBXFileReference; lastKnownFileType = image.jpeg; path = image15.JPG; sourceTree = "<group>"; };
		0DA6B7E416C9326A0006C390 /* image16.JPG */ = {isa = PBXFileReference; lastKnownFileType = image.jpeg; path = image16.JPG; sourceTree = "<group>"; };
		0DA6B7E516C9326A0006C390 /* image17.JPG */ = {isa = PBXFileReference; lastKnownFileType = image.jpeg; path = image17.JPG; sourceTree = "<group>"; };
		0DA6B7E616C9326A0006C390 /* image18.JPG */ = {isa = PBXFileReference; lastKnownFileType = image.jpeg; path = image18.JPG; sourceTree = "<group>"; };
		0DA6B7E716C9326A0006C390 /* image19.JPG */ = {isa = PBXFileReference; lastKnownFileType = image.jpeg; path = image19.JPG; sourceTree = "<group>"; };
		0DA6B7E816C9326A0006C390 /* image20.JPG */ = {isa = PBXFileReference; lastKnownFileType = image.jpeg; path = image20.JPG; sourceTree = "<group>"; };
		0DA6B7E916C9326A0006C390 /* image21.JPG */ = {isa = PBXFileReference; lastKnownFileType = image.jpeg; path = image21.JPG; sourceTree = "<group>"; };
		0DA6B7EA16C9326A0006C390 /* image22.JPG */ = {isa = PBXFileReference; lastKnownFileType = image.jpeg; path = image22.JPG; sourceTree = "<group>"; };
		0DECE93816CB4BD400A8185E /* icon114.png */ = {isa = PBXFileReference; lastKnownFileType = image.png; name = icon114.png; path = ../icon114.png; sourceTree = "<group>"; };
		0DECE93A16CB4C1000A8185E /* icon57.png */ = {isa = PBXFileReference; lastKnownFileType = image.png; name = icon57.png; path = ../icon57.png; sourceTree = "<group>"; };
		0DECE93C16CB4D9500A8185E /* Default-568h@2x.png */ = {isa = PBXFileReference; lastKnownFileType = image.png; name = "Default-568h@2x.png"; path = "../Default-568h@2x.png"; sourceTree = "<group>"; };
		0DECE93E16CB4DF700A8185E /* Default@2x.png */ = {isa = PBXFileReference; lastKnownFileType = image.png; name = "Default@2x.png"; path = "../Default@2x.png"; sourceTree = "<group>"; };
		0DECE94016CB4E3500A8185E /* Default.png */ = {isa = PBXFileReference; lastKnownFileType = image.png; name = Default.png; path = ../Default.png; sourceTree = "<group>"; };
/* End PBXFileReference section */

/* Begin PBXFrameworksBuildPhase section */
		0D14668D16C8A90F00162487 /* Frameworks */ = {
			isa = PBXFrameworksBuildPhase;
			buildActionMask = 2147483647;
			files = (
				0D1466D516C8B18200162487 /* AssetsLibrary.framework in Frameworks */,
				0D1466D216C8AFA200162487 /* QuartzCore.framework in Frameworks */,
				0D14669416C8A90F00162487 /* UIKit.framework in Frameworks */,
				0D14669616C8A90F00162487 /* Foundation.framework in Frameworks */,
				0D14669816C8A90F00162487 /* CoreGraphics.framework in Frameworks */,
			);
			runOnlyForDeploymentPostprocessing = 0;
		};
		0D1466B216C8A91000162487 /* Frameworks */ = {
			isa = PBXFrameworksBuildPhase;
			buildActionMask = 2147483647;
			files = (
				0D1466B816C8A91000162487 /* SenTestingKit.framework in Frameworks */,
				0D1466B916C8A91000162487 /* UIKit.framework in Frameworks */,
				0D1466BA16C8A91000162487 /* Foundation.framework in Frameworks */,
			);
			runOnlyForDeploymentPostprocessing = 0;
		};
/* End PBXFrameworksBuildPhase section */

/* Begin PBXGroup section */
		0D14668716C8A90F00162487 = {
			isa = PBXGroup;
			children = (
				0D14669916C8A90F00162487 /* EternalBum */,
				0D1466BD16C8A91000162487 /* EternalBumTests */,
				0D14669216C8A90F00162487 /* Frameworks */,
				0D14669116C8A90F00162487 /* Products */,
			);
			sourceTree = "<group>";
		};
		0D14669116C8A90F00162487 /* Products */ = {
			isa = PBXGroup;
			children = (
				0D14669016C8A90F00162487 /* EternalBum.app */,
				0D1466B616C8A91000162487 /* EternalBumTests.octest */,
			);
			name = Products;
			sourceTree = "<group>";
		};
		0D14669216C8A90F00162487 /* Frameworks */ = {
			isa = PBXGroup;
			children = (
				0D1466D416C8B18200162487 /* AssetsLibrary.framework */,
				0D1466D116C8AFA200162487 /* QuartzCore.framework */,
				0D14669316C8A90F00162487 /* UIKit.framework */,
				0D14669516C8A90F00162487 /* Foundation.framework */,
				0D14669716C8A90F00162487 /* CoreGraphics.framework */,
				0D1466B716C8A91000162487 /* SenTestingKit.framework */,
			);
			name = Frameworks;
			sourceTree = "<group>";
		};
		0D14669916C8A90F00162487 /* EternalBum */ = {
			isa = PBXGroup;
			children = (
				0D1466D316C8B10F00162487 /* ViewController */,
				0D1466D016C8A9B500162487 /* Resources */,
				0D1466A216C8A90F00162487 /* BSAppDelegate.h */,
				0D1466A316C8A90F00162487 /* BSAppDelegate.m */,
				0D14669A16C8A90F00162487 /* Supporting Files */,
				0DA6B7CC16C8FEAE0006C390 /* BSAssetLoader.h */,
				0DA6B7CD16C8FEAE0006C390 /* BSAssetLoader.m */,
				0DA6B7CF16C904350006C390 /* BSPhotoMasker.h */,
				0DA6B7D016C904350006C390 /* BSPhotoMasker.m */,
			);
			path = EternalBum;
			sourceTree = "<group>";
		};
		0D14669A16C8A90F00162487 /* Supporting Files */ = {
			isa = PBXGroup;
			children = (
				0DECE93A16CB4C1000A8185E /* icon57.png */,
				0DECE93816CB4BD400A8185E /* icon114.png */,
				0D14669B16C8A90F00162487 /* EternalBum-Info.plist */,
				0D14669C16C8A90F00162487 /* InfoPlist.strings */,
				0D14669F16C8A90F00162487 /* main.m */,
				0D1466A116C8A90F00162487 /* EternalBum-Prefix.pch */,
				0DECE94016CB4E3500A8185E /* Default.png */,
				0DECE93E16CB4DF700A8185E /* Default@2x.png */,
				0DECE93C16CB4D9500A8185E /* Default-568h@2x.png */,
			);
			name = "Supporting Files";
			sourceTree = "<group>";
		};
		0D1466BD16C8A91000162487 /* EternalBumTests */ = {
			isa = PBXGroup;
			children = (
				0D1466C316C8A91000162487 /* EternalBumTests.h */,
				0D1466C416C8A91000162487 /* EternalBumTests.m */,
				0D1466BE16C8A91000162487 /* Supporting Files */,
			);
			path = EternalBumTests;
			sourceTree = "<group>";
		};
		0D1466BE16C8A91000162487 /* Supporting Files */ = {
			isa = PBXGroup;
			children = (
				0D1466BF16C8A91000162487 /* EternalBumTests-Info.plist */,
				0D1466C016C8A91000162487 /* InfoPlist.strings */,
			);
			name = "Supporting Files";
			sourceTree = "<group>";
		};
		0D1466D016C8A9B500162487 /* Resources */ = {
			isa = PBXGroup;
			children = (
				0DA6B7D516C932690006C390 /* image01.JPG */,
				0DA6B7D616C932690006C390 /* image02.JPG */,
				0DA6B7D716C932690006C390 /* image03.JPG */,
				0DA6B7D816C932690006C390 /* image04.JPG */,
				0DA6B7D916C932690006C390 /* image05.JPG */,
				0DA6B7DA16C932690006C390 /* image06.JPG */,
				0DA6B7DB16C932690006C390 /* image07.JPG */,
				0DA6B7DC16C932690006C390 /* image08.JPG */,
				0DA6B7DD16C932690006C390 /* image09.JPG */,
				0DA6B7DE16C932690006C390 /* image10.JPG */,
				0DA6B7DF16C932690006C390 /* image11.JPG */,
				0DA6B7E016C9326A0006C390 /* image12.JPG */,
				0DA6B7E116C9326A0006C390 /* image13.JPG */,
				0DA6B7E216C9326A0006C390 /* image14.JPG */,
				0DA6B7E316C9326A0006C390 /* image15.JPG */,
				0DA6B7E416C9326A0006C390 /* image16.JPG */,
				0DA6B7E516C9326A0006C390 /* image17.JPG */,
				0DA6B7E616C9326A0006C390 /* image18.JPG */,
				0DA6B7E716C9326A0006C390 /* image19.JPG */,
				0DA6B7E816C9326A0006C390 /* image20.JPG */,
				0DA6B7E916C9326A0006C390 /* image21.JPG */,
				0DA6B7EA16C9326A0006C390 /* image22.JPG */,
			);
			name = Resources;
			sourceTree = "<group>";
		};
		0D1466D316C8B10F00162487 /* ViewController */ = {
			isa = PBXGroup;
			children = (
				0D1466AB16C8A91000162487 /* MainStoryboard.storyboard */,
				0D1466AE16C8A91000162487 /* BSViewController.h */,
				0D1466AF16C8A91000162487 /* BSViewController.m */,
				0DA6B7D216C906B30006C390 /* BSMovingImageView.h */,
				0DA6B7D316C906B30006C390 /* BSMovingImageView.m */,
			);
			name = ViewController;
			sourceTree = "<group>";
		};
/* End PBXGroup section */

/* Begin PBXNativeTarget section */
		0D14668F16C8A90F00162487 /* EternalBum */ = {
			isa = PBXNativeTarget;
			buildConfigurationList = 0D1466C816C8A91000162487 /* Build configuration list for PBXNativeTarget "EternalBum" */;
			buildPhases = (
				0D14668C16C8A90F00162487 /* Sources */,
				0D14668D16C8A90F00162487 /* Frameworks */,
				0D14668E16C8A90F00162487 /* Resources */,
			);
			buildRules = (
			);
			dependencies = (
			);
			name = EternalBum;
			productName = EternalBum;
			productReference = 0D14669016C8A90F00162487 /* EternalBum.app */;
			productType = "com.apple.product-type.application";
		};
		0D1466B516C8A91000162487 /* EternalBumTests */ = {
			isa = PBXNativeTarget;
			buildConfigurationList = 0D1466CB16C8A91000162487 /* Build configuration list for PBXNativeTarget "EternalBumTests" */;
			buildPhases = (
				0D1466B116C8A91000162487 /* Sources */,
				0D1466B216C8A91000162487 /* Frameworks */,
				0D1466B316C8A91000162487 /* Resources */,
				0D1466B416C8A91000162487 /* ShellScript */,
			);
			buildRules = (
			);
			dependencies = (
				0D1466BC16C8A91000162487 /* PBXTargetDependency */,
			);
			name = EternalBumTests;
			productName = EternalBumTests;
			productReference = 0D1466B616C8A91000162487 /* EternalBumTests.octest */;
			productType = "com.apple.product-type.bundle";
		};
/* End PBXNativeTarget section */

/* Begin PBXProject section */
		0D14668816C8A90F00162487 /* Project object */ = {
			isa = PBXProject;
			attributes = {
				CLASSPREFIX = BS;
				LastUpgradeCheck = 0460;
				ORGANIZATIONNAME = bloodysnow;
			};
			buildConfigurationList = 0D14668B16C8A90F00162487 /* Build configuration list for PBXProject "EternalBum" */;
			compatibilityVersion = "Xcode 3.2";
			developmentRegion = English;
			hasScannedForEncodings = 0;
			knownRegions = (
				en,
			);
			mainGroup = 0D14668716C8A90F00162487;
			productRefGroup = 0D14669116C8A90F00162487 /* Products */;
			projectDirPath = "";
			projectRoot = "";
			targets = (
				0D14668F16C8A90F00162487 /* EternalBum */,
				0D1466B516C8A91000162487 /* EternalBumTests */,
			);
		};
/* End PBXProject section */

/* Begin PBXResourcesBuildPhase section */
		0D14668E16C8A90F00162487 /* Resources */ = {
			isa = PBXResourcesBuildPhase;
			buildActionMask = 2147483647;
			files = (
				0D14669E16C8A90F00162487 /* InfoPlist.strings in Resources */,
				0D1466AD16C8A91000162487 /* MainStoryboard.storyboard in Resources */,
				0DA6B7EB16C9326A0006C390 /* image01.JPG in Resources */,
				0DA6B7EC16C9326A0006C390 /* image02.JPG in Resources */,
				0DA6B7ED16C9326A0006C390 /* image03.JPG in Resources */,
				0DA6B7EE16C9326A0006C390 /* image04.JPG in Resources */,
				0DA6B7EF16C9326A0006C390 /* image05.JPG in Resources */,
				0DA6B7F016C9326A0006C390 /* image06.JPG in Resources */,
				0DA6B7F116C9326A0006C390 /* image07.JPG in Resources */,
				0DA6B7F216C9326A0006C390 /* image08.JPG in Resources */,
				0DA6B7F316C9326A0006C390 /* image09.JPG in Resources */,
				0DA6B7F416C9326A0006C390 /* image10.JPG in Resources */,
				0DA6B7F516C9326A0006C390 /* image11.JPG in Resources */,
				0DA6B7F616C9326A0006C390 /* image12.JPG in Resources */,
				0DA6B7F716C9326A0006C390 /* image13.JPG in Resources */,
				0DA6B7F816C9326A0006C390 /* image14.JPG in Resources */,
				0DA6B7F916C9326A0006C390 /* image15.JPG in Resources */,
				0DA6B7FA16C9326A0006C390 /* image16.JPG in Resources */,
				0DA6B7FB16C9326A0006C390 /* image17.JPG in Resources */,
				0DA6B7FC16C9326A0006C390 /* image18.JPG in Resources */,
				0DA6B7FD16C9326A0006C390 /* image19.JPG in Resources */,
				0DA6B7FE16C9326A0006C390 /* image20.JPG in Resources */,
				0DA6B7FF16C9326A0006C390 /* image21.JPG in Resources */,
				0DA6B80016C9326A0006C390 /* image22.JPG in Resources */,
				0DECE93916CB4BD400A8185E /* icon114.png in Resources */,
				0DECE93B16CB4C1000A8185E /* icon57.png in Resources */,
				0DECE93D16CB4D9500A8185E /* Default-568h@2x.png in Resources */,
				0DECE93F16CB4DF700A8185E /* Default@2x.png in Resources */,
				0DECE94116CB4E3500A8185E /* Default.png in Resources */,
			);
			runOnlyForDeploymentPostprocessing = 0;
		};
		0D1466B316C8A91000162487 /* Resources */ = {
			isa = PBXResourcesBuildPhase;
			buildActionMask = 2147483647;
			files = (
				0D1466C216C8A91000162487 /* InfoPlist.strings in Resources */,
			);
			runOnlyForDeploymentPostprocessing = 0;
		};
/* End PBXResourcesBuildPhase section */

/* Begin PBXShellScriptBuildPhase section */
		0D1466B416C8A91000162487 /* ShellScript */ = {
			isa = PBXShellScriptBuildPhase;
			buildActionMask = 2147483647;
			files = (
			);
			inputPaths = (
			);
			outputPaths = (
			);
			runOnlyForDeploymentPostprocessing = 0;
			shellPath = /bin/sh;
			shellScript = "# Run the unit tests in this test bundle.\n\"${SYSTEM_DEVELOPER_DIR}/Tools/RunUnitTests\"\n";
		};
/* End PBXShellScriptBuildPhase section */

/* Begin PBXSourcesBuildPhase section */
		0D14668C16C8A90F00162487 /* Sources */ = {
			isa = PBXSourcesBuildPhase;
			buildActionMask = 2147483647;
			files = (
				0D1466A016C8A90F00162487 /* main.m in Sources */,
				0D1466A416C8A90F00162487 /* BSAppDelegate.m in Sources */,
				0D1466B016C8A91000162487 /* BSViewController.m in Sources */,
				0DA6B7CE16C8FEAE0006C390 /* BSAssetLoader.m in Sources */,
				0DA6B7D116C904350006C390 /* BSPhotoMasker.m in Sources */,
				0DA6B7D416C906B30006C390 /* BSMovingImageView.m in Sources */,
			);
			runOnlyForDeploymentPostprocessing = 0;
		};
		0D1466B116C8A91000162487 /* Sources */ = {
			isa = PBXSourcesBuildPhase;
			buildActionMask = 2147483647;
			files = (
				0D1466C516C8A91000162487 /* EternalBumTests.m in Sources */,
			);
			runOnlyForDeploymentPostprocessing = 0;
		};
/* End PBXSourcesBuildPhase section */

/* Begin PBXTargetDependency section */
		0D1466BC16C8A91000162487 /* PBXTargetDependency */ = {
			isa = PBXTargetDependency;
			target = 0D14668F16C8A90F00162487 /* EternalBum */;
			targetProxy = 0D1466BB16C8A91000162487 /* PBXContainerItemProxy */;
		};
/* End PBXTargetDependency section */

/* Begin PBXVariantGroup section */
		0D14669C16C8A90F00162487 /* InfoPlist.strings */ = {
			isa = PBXVariantGroup;
			children = (
				0D14669D16C8A90F00162487 /* en */,
			);
			name = InfoPlist.strings;
			sourceTree = "<group>";
		};
		0D1466AB16C8A91000162487 /* MainStoryboard.storyboard */ = {
			isa = PBXVariantGroup;
			children = (
				0D1466AC16C8A91000162487 /* en */,
			);
			name = MainStoryboard.storyboard;
			sourceTree = "<group>";
		};
		0D1466C016C8A91000162487 /* InfoPlist.strings */ = {
			isa = PBXVariantGroup;
			children = (
				0D1466C116C8A91000162487 /* en */,
			);
			name = InfoPlist.strings;
			sourceTree = "<group>";
		};
/* End PBXVariantGroup section */

/* Begin XCBuildConfiguration section */
		0D1466C616C8A91000162487 /* Debug */ = {
			isa = XCBuildConfiguration;
			buildSettings = {
				ALWAYS_SEARCH_USER_PATHS = NO;
				CLANG_CXX_LANGUAGE_STANDARD = "gnu++0x";
				CLANG_CXX_LIBRARY = "libc++";
				CLANG_ENABLE_OBJC_ARC = YES;
				CLANG_WARN_CONSTANT_CONVERSION = YES;
				CLANG_WARN_EMPTY_BODY = YES;
				CLANG_WARN_ENUM_CONVERSION = YES;
				CLANG_WARN_INT_CONVERSION = YES;
				CLANG_WARN__DUPLICATE_METHOD_MATCH = YES;
				"CODE_SIGN_IDENTITY[sdk=iphoneos*]" = "iPhone Developer";
				COPY_PHASE_STRIP = NO;
				GCC_C_LANGUAGE_STANDARD = gnu99;
				GCC_DYNAMIC_NO_PIC = NO;
				GCC_OPTIMIZATION_LEVEL = 0;
				GCC_PREPROCESSOR_DEFINITIONS = (
					"DEBUG=1",
					"$(inherited)",
				);
				GCC_SYMBOLS_PRIVATE_EXTERN = NO;
				GCC_WARN_ABOUT_RETURN_TYPE = YES;
				GCC_WARN_UNINITIALIZED_AUTOS = YES;
				GCC_WARN_UNUSED_VARIABLE = YES;
				IPHONEOS_DEPLOYMENT_TARGET = 6.1;
				ONLY_ACTIVE_ARCH = YES;
				SDKROOT = iphoneos;
			};
			name = Debug;
		};
		0D1466C716C8A91000162487 /* Release */ = {
			isa = XCBuildConfiguration;
			buildSettings = {
				ALWAYS_SEARCH_USER_PATHS = NO;
				CLANG_CXX_LANGUAGE_STANDARD = "gnu++0x";
				CLANG_CXX_LIBRARY = "libc++";
				CLANG_ENABLE_OBJC_ARC = YES;
				CLANG_WARN_CONSTANT_CONVERSION = YES;
				CLANG_WARN_EMPTY_BODY = YES;
				CLANG_WARN_ENUM_CONVERSION = YES;
				CLANG_WARN_INT_CONVERSION = YES;
				CLANG_WARN__DUPLICATE_METHOD_MATCH = YES;
				CODE_SIGN_IDENTITY = "iPhone Distribution: LIFE CODE Inc.";
				"CODE_SIGN_IDENTITY[sdk=iphoneos*]" = "iPhone Distribution: LIFE CODE Inc.";
				COPY_PHASE_STRIP = YES;
				GCC_C_LANGUAGE_STANDARD = gnu99;
				GCC_WARN_ABOUT_RETURN_TYPE = YES;
				GCC_WARN_UNINITIALIZED_AUTOS = YES;
				GCC_WARN_UNUSED_VARIABLE = YES;
				IPHONEOS_DEPLOYMENT_TARGET = 6.1;
				OTHER_CFLAGS = "-DNS_BLOCK_ASSERTIONS=1";
				PROVISIONING_PROFILE = "";
				"PROVISIONING_PROFILE[sdk=iphoneos*]" = "";
				SDKROOT = iphoneos;
				VALIDATE_PRODUCT = YES;
			};
			name = Release;
		};
		0D1466C916C8A91000162487 /* Debug */ = {
			isa = XCBuildConfiguration;
			buildSettings = {
				GCC_PRECOMPILE_PREFIX_HEADER = YES;
				GCC_PREFIX_HEADER = "EternalBum/EternalBum-Prefix.pch";
				INFOPLIST_FILE = "EternalBum/EternalBum-Info.plist";
				PRODUCT_NAME = "$(TARGET_NAME)";
				WRAPPER_EXTENSION = app;
			};
			name = Debug;
		};
		0D1466CA16C8A91000162487 /* Release */ = {
			isa = XCBuildConfiguration;
			buildSettings = {
				GCC_PRECOMPILE_PREFIX_HEADER = YES;
				GCC_PREFIX_HEADER = "EternalBum/EternalBum-Prefix.pch";
				INFOPLIST_FILE = "EternalBum/EternalBum-Info.plist";
				PRODUCT_NAME = "$(TARGET_NAME)";
				WRAPPER_EXTENSION = app;
			};
			name = Release;
		};
		0D1466CC16C8A91000162487 /* Debug */ = {
			isa = XCBuildConfiguration;
			buildSettings = {
				BUNDLE_LOADER = "$(BUILT_PRODUCTS_DIR)/EternalBum.app/EternalBum";
				FRAMEWORK_SEARCH_PATHS = (
					"\"$(SDKROOT)/Developer/Library/Frameworks\"",
					"\"$(DEVELOPER_LIBRARY_DIR)/Frameworks\"",
				);
				GCC_PRECOMPILE_PREFIX_HEADER = YES;
				GCC_PREFIX_HEADER = "EternalBum/EternalBum-Prefix.pch";
				INFOPLIST_FILE = "EternalBumTests/EternalBumTests-Info.plist";
				PRODUCT_NAME = "$(TARGET_NAME)";
				TEST_HOST = "$(BUNDLE_LOADER)";
				WRAPPER_EXTENSION = octest;
			};
			name = Debug;
		};
		0D1466CD16C8A91000162487 /* Release */ = {
			isa = XCBuildConfiguration;
			buildSettings = {
				BUNDLE_LOADER = "$(BUILT_PRODUCTS_DIR)/EternalBum.app/EternalBum";
				FRAMEWORK_SEARCH_PATHS = (
					"\"$(SDKROOT)/Developer/Library/Frameworks\"",
					"\"$(DEVELOPER_LIBRARY_DIR)/Frameworks\"",
				);
				GCC_PRECOMPILE_PREFIX_HEADER = YES;
				GCC_PREFIX_HEADER = "EternalBum/EternalBum-Prefix.pch";
				INFOPLIST_FILE = "EternalBumTests/EternalBumTests-Info.plist";
				PRODUCT_NAME = "$(TARGET_NAME)";
				TEST_HOST = "$(BUNDLE_LOADER)";
				WRAPPER_EXTENSION = octest;
			};
			name = Release;
		};
/* End XCBuildConfiguration section */

/* Begin XCConfigurationList section */
		0D14668B16C8A90F00162487 /* Build configuration list for PBXProject "EternalBum" */ = {
			isa = XCConfigurationList;
			buildConfigurations = (
				0D1466C616C8A91000162487 /* Debug */,
				0D1466C716C8A91000162487 /* Release */,
			);
			defaultConfigurationIsVisible = 0;
			defaultConfigurationName = Release;
		};
		0D1466C816C8A91000162487 /* Build configuration list for PBXNativeTarget "EternalBum" */ = {
			isa = XCConfigurationList;
			buildConfigurations = (
				0D1466C916C8A91000162487 /* Debug */,
				0D1466CA16C8A91000162487 /* Release */,
			);
			defaultConfigurationIsVisible = 0;
			defaultConfigurationName = Release;
		};
		0D1466CB16C8A91000162487 /* Build configuration list for PBXNativeTarget "EternalBumTests" */ = {
			isa = XCConfigurationList;
			buildConfigurations = (
				0D1466CC16C8A91000162487 /* Debug */,
				0D1466CD16C8A91000162487 /* Release */,
			);
			defaultConfigurationIsVisible = 0;
			defaultConfigurationName = Release;
		};
/* End XCConfigurationList section */
	};
	rootObject = 0D14668816C8A90F00162487 /* Project object */;
}
